
Microsoft Visual Studio Solution File, Format Version 12.00
# Visual Studio 2013
VisualStudioVersion = 12.0.21005.1
MinimumVisualStudioVersion = 10.0.40219.1
Project("{FAE04EC0-301F-11D3-BF4B-00C04F79EFBC}") = "WcfService12", "WcfService12\WcfService12.csproj", "{C87C6329-29E9-4425-84B3-00EBE4A601C3}"
EndProject
Project("{FAE04EC0-301F-11D3-BF4B-00C04F79EFBC}") = "TryItPage", "TryItPage\TryItPage.csproj", "{8FCE040C-D79E-4B9E-AF96-EE8E49CED3B6}"
	ProjectSection(ProjectDependencies) = postProject
		{C87C6329-29E9-4425-84B3-00EBE4A601C3} = {C87C6329-29E9-4425-84B3-00EBE4A601C3}
	EndProjectSection
EndProject
Global
	GlobalSection(SolutionConfigurationPlatforms) = preSolution
		Debug|Any CPU = Debug|Any CPU
		Release|Any CPU = Release|Any CPU
	EndGlobalSection
	GlobalSection(ProjectConfigurationPlatforms) = postSolution
		{C87C6329-29E9-4425-84B3-00EBE4A601C3}.Debug|Any CPU.ActiveCfg = Debug|Any CPU
		{C87C6329-29E9-4425-84B3-00EBE4A601C3}.Debug|Any CPU.Build.0 = Debug|Any CPU
		{C87C6329-29E9-4425-84B3-00EBE4A601C3}.Release|Any CPU.ActiveCfg = Release|Any CPU
		{C87C6329-29E9-4425-84B3-00EBE4A601C3}.Release|Any CPU.Build.0 = Release|Any CPU
		{8FCE040C-D79E-4B9E-AF96-EE8E49CED3B6}.Debug|Any CPU.ActiveCfg = Debug|Any CPU
		{8FCE040C-D79E-4B9E-AF96-EE8E49CED3B6}.Debug|Any CPU.Build.0 = Debug|Any CPU
		{8FCE040C-D79E-4B9E-AF96-EE8E49CED3B6}.Release|Any CPU.ActiveCfg = Release|Any CPU
		{8FCE040C-D79E-4B9E-AF96-EE8E49CED3B6}.Release|Any CPU.Build.0 = Release|Any CPU
	EndGlobalSection
	GlobalSection(SolutionProperties) = preSolution
		HideSolutionNode = FALSE
	EndGlobalSection
EndGlobal
