
Microsoft Visual Studio Solution File, Format Version 12.00
# Visual Studio 2013
VisualStudioVersion = 12.0.21005.1
MinimumVisualStudioVersion = 10.0.40219.1
Project("{E24C65DC-7377-472B-9ABA-BC803B73C61A}") = "WebSite13", "http://localhost:52985", "{4730FDBD-3B09-4B38-BF97-829C7B05E6E7}"
	ProjectSection(WebsiteProperties) = preProject
		UseIISExpress = "true"
		TargetFrameworkMoniker = ".NETFramework,Version%3Dv4.5"
		Debug.AspNetCompiler.VirtualPath = "/localhost_52985"
		Debug.AspNetCompiler.PhysicalPath = "..\..\WebSites\WebSite13\"
		Debug.AspNetCompiler.TargetPath = "PrecompiledWeb\localhost_52985\"
		Debug.AspNetCompiler.Updateable = "true"
		Debug.AspNetCompiler.ForceOverwrite = "true"
		Debug.AspNetCompiler.FixedNames = "false"
		Debug.AspNetCompiler.Debug = "True"
		Release.AspNetCompiler.VirtualPath = "/localhost_52985"
		Release.AspNetCompiler.PhysicalPath = "..\..\WebSites\WebSite13\"
		Release.AspNetCompiler.TargetPath = "PrecompiledWeb\localhost_52985\"
		Release.AspNetCompiler.Updateable = "true"
		Release.AspNetCompiler.ForceOverwrite = "true"
		Release.AspNetCompiler.FixedNames = "false"
		Release.AspNetCompiler.Debug = "False"
		SlnRelativePath = "..\..\WebSites\WebSite13\"
		DefaultWebSiteLanguage = "Visual C#"
	EndProjectSection
EndProject
Project("{E24C65DC-7377-472B-9ABA-BC803B73C61A}") = "WebSite6", "http://localhost:49859", "{D36873C4-758E-4EF2-A354-B3299B09C53D}"
	ProjectSection(WebsiteProperties) = preProject
		UseIISExpress = "true"
		TargetFrameworkMoniker = ".NETFramework,Version%3Dv4.5"
		Debug.AspNetCompiler.VirtualPath = "/localhost_49859"
		Debug.AspNetCompiler.PhysicalPath = "..\..\WebSites\WebSite6\"
		Debug.AspNetCompiler.TargetPath = "PrecompiledWeb\localhost_49859\"
		Debug.AspNetCompiler.Updateable = "true"
		Debug.AspNetCompiler.ForceOverwrite = "true"
		Debug.AspNetCompiler.FixedNames = "false"
		Debug.AspNetCompiler.Debug = "True"
		Release.AspNetCompiler.VirtualPath = "/localhost_49859"
		Release.AspNetCompiler.PhysicalPath = "..\..\WebSites\WebSite6\"
		Release.AspNetCompiler.TargetPath = "PrecompiledWeb\localhost_49859\"
		Release.AspNetCompiler.Updateable = "true"
		Release.AspNetCompiler.ForceOverwrite = "true"
		Release.AspNetCompiler.FixedNames = "false"
		Release.AspNetCompiler.Debug = "False"
		SlnRelativePath = "..\..\WebSites\WebSite6\"
	EndProjectSection
EndProject
Project("{E24C65DC-7377-472B-9ABA-BC803B73C61A}") = "WebSite12", "http://localhost:52936", "{E74883E7-DCE2-4251-9B94-C5B430C4752D}"
	ProjectSection(WebsiteProperties) = preProject
		UseIISExpress = "true"
		TargetFrameworkMoniker = ".NETFramework,Version%3Dv4.5"
		Debug.AspNetCompiler.VirtualPath = "/localhost_52936"
		Debug.AspNetCompiler.PhysicalPath = "..\..\WebSites\WebSite12\"
		Debug.AspNetCompiler.TargetPath = "PrecompiledWeb\localhost_52936\"
		Debug.AspNetCompiler.Updateable = "true"
		Debug.AspNetCompiler.ForceOverwrite = "true"
		Debug.AspNetCompiler.FixedNames = "false"
		Debug.AspNetCompiler.Debug = "True"
		Release.AspNetCompiler.VirtualPath = "/localhost_52936"
		Release.AspNetCompiler.PhysicalPath = "..\..\WebSites\WebSite12\"
		Release.AspNetCompiler.TargetPath = "PrecompiledWeb\localhost_52936\"
		Release.AspNetCompiler.Updateable = "true"
		Release.AspNetCompiler.ForceOverwrite = "true"
		Release.AspNetCompiler.FixedNames = "false"
		Release.AspNetCompiler.Debug = "False"
		SlnRelativePath = "..\..\WebSites\WebSite12\"
	EndProjectSection
EndProject
Project("{E24C65DC-7377-472B-9ABA-BC803B73C61A}") = "WebSite11", "http://localhost:52811", "{8E40EC08-977D-4168-B061-62CE542B6BBA}"
	ProjectSection(WebsiteProperties) = preProject
		UseIISExpress = "true"
		TargetFrameworkMoniker = ".NETFramework,Version%3Dv4.5"
		Debug.AspNetCompiler.VirtualPath = "/localhost_52811"
		Debug.AspNetCompiler.PhysicalPath = "..\..\WebSites\WebSite11\"
		Debug.AspNetCompiler.TargetPath = "PrecompiledWeb\localhost_52811\"
		Debug.AspNetCompiler.Updateable = "true"
		Debug.AspNetCompiler.ForceOverwrite = "true"
		Debug.AspNetCompiler.FixedNames = "false"
		Debug.AspNetCompiler.Debug = "True"
		Release.AspNetCompiler.VirtualPath = "/localhost_52811"
		Release.AspNetCompiler.PhysicalPath = "..\..\WebSites\WebSite11\"
		Release.AspNetCompiler.TargetPath = "PrecompiledWeb\localhost_52811\"
		Release.AspNetCompiler.Updateable = "true"
		Release.AspNetCompiler.ForceOverwrite = "true"
		Release.AspNetCompiler.FixedNames = "false"
		Release.AspNetCompiler.Debug = "False"
		SlnRelativePath = "..\..\WebSites\WebSite11\"
	EndProjectSection
EndProject
Project("{E24C65DC-7377-472B-9ABA-BC803B73C61A}") = "WebSite10", "http://localhost:52643", "{AC2CBCDF-B8A8-4261-ABD6-52569554C2CC}"
	ProjectSection(WebsiteProperties) = preProject
		UseIISExpress = "true"
		TargetFrameworkMoniker = ".NETFramework,Version%3Dv4.5"
		Debug.AspNetCompiler.VirtualPath = "/localhost_52643"
		Debug.AspNetCompiler.PhysicalPath = "..\..\WebSites\WebSite10\"
		Debug.AspNetCompiler.TargetPath = "PrecompiledWeb\localhost_52643\"
		Debug.AspNetCompiler.Updateable = "true"
		Debug.AspNetCompiler.ForceOverwrite = "true"
		Debug.AspNetCompiler.FixedNames = "false"
		Debug.AspNetCompiler.Debug = "True"
		Release.AspNetCompiler.VirtualPath = "/localhost_52643"
		Release.AspNetCompiler.PhysicalPath = "..\..\WebSites\WebSite10\"
		Release.AspNetCompiler.TargetPath = "PrecompiledWeb\localhost_52643\"
		Release.AspNetCompiler.Updateable = "true"
		Release.AspNetCompiler.ForceOverwrite = "true"
		Release.AspNetCompiler.FixedNames = "false"
		Release.AspNetCompiler.Debug = "False"
		SlnRelativePath = "..\..\WebSites\WebSite10\"
	EndProjectSection
	ProjectSection(ProjectDependencies) = postProject
		{6EA1CA1B-143A-4878-9E6E-C862D7E840DC} = {6EA1CA1B-143A-4878-9E6E-C862D7E840DC}
	EndProjectSection
EndProject
Project("{E24C65DC-7377-472B-9ABA-BC803B73C61A}") = "WebSite7", "http://localhost:52474", "{1898A5FF-6EEA-435D-BE62-FEBA3E7FFC61}"
	ProjectSection(WebsiteProperties) = preProject
		UseIISExpress = "true"
		TargetFrameworkMoniker = ".NETFramework,Version%3Dv4.5"
		Debug.AspNetCompiler.VirtualPath = "/localhost_52474"
		Debug.AspNetCompiler.PhysicalPath = "..\..\WebSites\WebSite7\"
		Debug.AspNetCompiler.TargetPath = "PrecompiledWeb\localhost_52474\"
		Debug.AspNetCompiler.Updateable = "true"
		Debug.AspNetCompiler.ForceOverwrite = "true"
		Debug.AspNetCompiler.FixedNames = "false"
		Debug.AspNetCompiler.Debug = "True"
		Release.AspNetCompiler.VirtualPath = "/localhost_52474"
		Release.AspNetCompiler.PhysicalPath = "..\..\WebSites\WebSite7\"
		Release.AspNetCompiler.TargetPath = "PrecompiledWeb\localhost_52474\"
		Release.AspNetCompiler.Updateable = "true"
		Release.AspNetCompiler.ForceOverwrite = "true"
		Release.AspNetCompiler.FixedNames = "false"
		Release.AspNetCompiler.Debug = "False"
		SlnRelativePath = "..\..\WebSites\WebSite7\"
	EndProjectSection
EndProject
Project("{FAE04EC0-301F-11D3-BF4B-00C04F79EFBC}") = "WcfService8", "..\WcfService8\WcfService8\WcfService8.csproj", "{6EA1CA1B-143A-4878-9E6E-C862D7E840DC}"
EndProject
Global
	GlobalSection(SolutionConfigurationPlatforms) = preSolution
		Debug|Any CPU = Debug|Any CPU
		Release|Any CPU = Release|Any CPU
	EndGlobalSection
	GlobalSection(ProjectConfigurationPlatforms) = postSolution
		{4730FDBD-3B09-4B38-BF97-829C7B05E6E7}.Debug|Any CPU.ActiveCfg = Debug|Any CPU
		{4730FDBD-3B09-4B38-BF97-829C7B05E6E7}.Debug|Any CPU.Build.0 = Debug|Any CPU
		{4730FDBD-3B09-4B38-BF97-829C7B05E6E7}.Release|Any CPU.ActiveCfg = Debug|Any CPU
		{4730FDBD-3B09-4B38-BF97-829C7B05E6E7}.Release|Any CPU.Build.0 = Debug|Any CPU
		{D36873C4-758E-4EF2-A354-B3299B09C53D}.Debug|Any CPU.ActiveCfg = Debug|Any CPU
		{D36873C4-758E-4EF2-A354-B3299B09C53D}.Debug|Any CPU.Build.0 = Debug|Any CPU
		{D36873C4-758E-4EF2-A354-B3299B09C53D}.Release|Any CPU.ActiveCfg = Debug|Any CPU
		{D36873C4-758E-4EF2-A354-B3299B09C53D}.Release|Any CPU.Build.0 = Debug|Any CPU
		{E74883E7-DCE2-4251-9B94-C5B430C4752D}.Debug|Any CPU.ActiveCfg = Debug|Any CPU
		{E74883E7-DCE2-4251-9B94-C5B430C4752D}.Debug|Any CPU.Build.0 = Debug|Any CPU
		{E74883E7-DCE2-4251-9B94-C5B430C4752D}.Release|Any CPU.ActiveCfg = Debug|Any CPU
		{E74883E7-DCE2-4251-9B94-C5B430C4752D}.Release|Any CPU.Build.0 = Debug|Any CPU
		{8E40EC08-977D-4168-B061-62CE542B6BBA}.Debug|Any CPU.ActiveCfg = Debug|Any CPU
		{8E40EC08-977D-4168-B061-62CE542B6BBA}.Debug|Any CPU.Build.0 = Debug|Any CPU
		{8E40EC08-977D-4168-B061-62CE542B6BBA}.Release|Any CPU.ActiveCfg = Debug|Any CPU
		{8E40EC08-977D-4168-B061-62CE542B6BBA}.Release|Any CPU.Build.0 = Debug|Any CPU
		{AC2CBCDF-B8A8-4261-ABD6-52569554C2CC}.Debug|Any CPU.ActiveCfg = Debug|Any CPU
		{AC2CBCDF-B8A8-4261-ABD6-52569554C2CC}.Debug|Any CPU.Build.0 = Debug|Any CPU
		{AC2CBCDF-B8A8-4261-ABD6-52569554C2CC}.Release|Any CPU.ActiveCfg = Debug|Any CPU
		{AC2CBCDF-B8A8-4261-ABD6-52569554C2CC}.Release|Any CPU.Build.0 = Debug|Any CPU
		{1898A5FF-6EEA-435D-BE62-FEBA3E7FFC61}.Debug|Any CPU.ActiveCfg = Debug|Any CPU
		{1898A5FF-6EEA-435D-BE62-FEBA3E7FFC61}.Debug|Any CPU.Build.0 = Debug|Any CPU
		{1898A5FF-6EEA-435D-BE62-FEBA3E7FFC61}.Release|Any CPU.ActiveCfg = Debug|Any CPU
		{1898A5FF-6EEA-435D-BE62-FEBA3E7FFC61}.Release|Any CPU.Build.0 = Debug|Any CPU
		{6EA1CA1B-143A-4878-9E6E-C862D7E840DC}.Debug|Any CPU.ActiveCfg = Debug|Any CPU
		{6EA1CA1B-143A-4878-9E6E-C862D7E840DC}.Debug|Any CPU.Build.0 = Debug|Any CPU
		{6EA1CA1B-143A-4878-9E6E-C862D7E840DC}.Release|Any CPU.ActiveCfg = Release|Any CPU
		{6EA1CA1B-143A-4878-9E6E-C862D7E840DC}.Release|Any CPU.Build.0 = Release|Any CPU
	EndGlobalSection
	GlobalSection(SolutionProperties) = preSolution
		HideSolutionNode = FALSE
	EndGlobalSection
EndGlobal
